
Microsoft Visual Studio Solution File, Format Version 12.00
# Visual Studio Version 17
VisualStudioVersion = 17.0.32014.148
MinimumVisualStudioVersion = 10.0.40219.1
Project("{2150E333-8FDC-42A3-9474-1A3956D46DE8}") = "src", "src", "{0F92B93E-89C2-42BE-87A8-27690B69E7A9}"
EndProject
Project("{2150E333-8FDC-42A3-9474-1A3956D46DE8}") = "libraries", "libraries", "{61F9813E-5013-4F18-B71C-CC5CB79DF497}"
EndProject
Project("{2150E333-8FDC-42A3-9474-1A3956D46DE8}") = "examples", "examples", "{9D54D7A8-5CC6-4B7B-8305-191334648FD7}"
EndProject
Project("{2150E333-8FDC-42A3-9474-1A3956D46DE8}") = "LiteNetLib", "LiteNetLib", "{E97C277B-D448-482E-A658-58674FE67BC6}"
EndProject
Project("{9A19103F-16F7-4668-BE54-9A1E7A4F7556}") = "LiteNetLib", "libraries\LiteNetLib\LiteNetLib\LiteNetLib.csproj", "{99308755-52D9-4288-98C4-13878F0FEA94}"
EndProject
Project("{9A19103F-16F7-4668-BE54-9A1E7A4F7556}") = "Guppy.Example.Server", "examples\Guppy.Example.Server\Guppy.Example.Server.csproj", "{E2B5A788-0013-4775-AC11-C65134A20901}"
EndProject
Project("{9A19103F-16F7-4668-BE54-9A1E7A4F7556}") = "Guppy.Example.Library", "examples\Guppy.Example.Library\Guppy.Example.Library.csproj", "{A16E541B-8C75-4F5B-927C-B49D44D1E067}"
EndProject
Project("{9A19103F-16F7-4668-BE54-9A1E7A4F7556}") = "Guppy.Example.Client", "examples\Guppy.Example.Client\Guppy.Example.Client.csproj", "{E2D73265-0097-402D-A7D9-07971FD6FB52}"
EndProject
Project("{9A19103F-16F7-4668-BE54-9A1E7A4F7556}") = "Guppy", "src\Guppy\Guppy.csproj", "{4FBF8BCA-2002-4F0D-8F5E-35FAD074B1D5}"
EndProject
Project("{9A19103F-16F7-4668-BE54-9A1E7A4F7556}") = "Guppy.ECS", "src\Guppy.ECS\Guppy.ECS.csproj", "{75EBCE59-3D38-4684-94D6-DEB5CE1EE45E}"
EndProject
Project("{9A19103F-16F7-4668-BE54-9A1E7A4F7556}") = "Guppy.MonoGame", "src\Guppy.MonoGame\Guppy.MonoGame.csproj", "{EDA0ECC8-6589-4F47-980E-373F57BC4748}"
EndProject
Project("{9A19103F-16F7-4668-BE54-9A1E7A4F7556}") = "Guppy.Common", "src\Guppy.Common\Guppy.Common.csproj", "{D21281F6-DAC1-4B77-A799-89E383A96300}"
EndProject
Project("{9A19103F-16F7-4668-BE54-9A1E7A4F7556}") = "Guppy.Network", "src\Guppy.Network\Guppy.Network.csproj", "{7536CB63-087A-4893-9753-208D2290D9B8}"
EndProject
Project("{9A19103F-16F7-4668-BE54-9A1E7A4F7556}") = "Guppy.Resources", "src\Guppy.Resources\Guppy.Resources.csproj", "{EEF6CE2D-B457-4DDE-8A2A-7DD028E8BE4D}"
EndProject
Project("{9A19103F-16F7-4668-BE54-9A1E7A4F7556}") = "Guppy.MonoGame.UI", "src\Guppy.MonoGame.UI\Guppy.MonoGame.UI.csproj", "{EDDD3E1D-866F-4EB4-8BC7-49D61A16F680}"
EndProject
Project("{2150E333-8FDC-42A3-9474-1A3956D46DE8}") = "ImGui.NET", "ImGui.NET", "{A5B46F90-972A-4AA0-BBF8-1EF86726D9FC}"
EndProject
Project("{9A19103F-16F7-4668-BE54-9A1E7A4F7556}") = "ImGui.NET", "libraries\ImGui.NET\src\ImGui.NET\ImGui.NET.csproj", "{7A02E849-B9A3-43A3-AAF7-A04326DAA34B}"
EndProject
Project("{9A19103F-16F7-4668-BE54-9A1E7A4F7556}") = "ImPlot.NET", "libraries\ImGui.NET\src\ImPlot.NET\ImPlot.NET.csproj", "{37CBCA9B-7427-4AEF-9858-544EF63CA8F3}"
EndProject
Project("{FAE04EC0-301F-11D3-BF4B-00C04F79EFBC}") = "Guppy.Network.UI", "src\Guppy.Network.UI\Guppy.Network.UI.csproj", "{443A3B61-B65C-4FA1-8BCC-99F02CE115C4}"
EndProject
Global
	GlobalSection(SolutionConfigurationPlatforms) = preSolution
		Debug_Verbose|Any CPU = Debug_Verbose|Any CPU
		Debug_Verbose|x64 = Debug_Verbose|x64
		Debug|Any CPU = Debug|Any CPU
		Debug|x64 = Debug|x64
		Release|Any CPU = Release|Any CPU
		Release|x64 = Release|x64
	EndGlobalSection
	GlobalSection(ProjectConfigurationPlatforms) = postSolution
		{99308755-52D9-4288-98C4-13878F0FEA94}.Debug_Verbose|Any CPU.ActiveCfg = Debug|Any CPU
		{99308755-52D9-4288-98C4-13878F0FEA94}.Debug_Verbose|Any CPU.Build.0 = Debug|Any CPU
		{99308755-52D9-4288-98C4-13878F0FEA94}.Debug_Verbose|x64.ActiveCfg = Debug|x64
		{99308755-52D9-4288-98C4-13878F0FEA94}.Debug_Verbose|x64.Build.0 = Debug|x64
		{99308755-52D9-4288-98C4-13878F0FEA94}.Debug|Any CPU.ActiveCfg = Debug|Any CPU
		{99308755-52D9-4288-98C4-13878F0FEA94}.Debug|Any CPU.Build.0 = Debug|Any CPU
		{99308755-52D9-4288-98C4-13878F0FEA94}.Debug|x64.ActiveCfg = Debug|x64
		{99308755-52D9-4288-98C4-13878F0FEA94}.Debug|x64.Build.0 = Debug|x64
		{99308755-52D9-4288-98C4-13878F0FEA94}.Release|Any CPU.ActiveCfg = Release|Any CPU
		{99308755-52D9-4288-98C4-13878F0FEA94}.Release|Any CPU.Build.0 = Release|Any CPU
		{99308755-52D9-4288-98C4-13878F0FEA94}.Release|x64.ActiveCfg = Release|x64
		{99308755-52D9-4288-98C4-13878F0FEA94}.Release|x64.Build.0 = Release|x64
		{E2B5A788-0013-4775-AC11-C65134A20901}.Debug_Verbose|Any CPU.ActiveCfg = Debug|Any CPU
		{E2B5A788-0013-4775-AC11-C65134A20901}.Debug_Verbose|Any CPU.Build.0 = Debug|Any CPU
		{E2B5A788-0013-4775-AC11-C65134A20901}.Debug_Verbose|x64.ActiveCfg = Debug|x64
		{E2B5A788-0013-4775-AC11-C65134A20901}.Debug_Verbose|x64.Build.0 = Debug|x64
		{E2B5A788-0013-4775-AC11-C65134A20901}.Debug|Any CPU.ActiveCfg = Debug|Any CPU
		{E2B5A788-0013-4775-AC11-C65134A20901}.Debug|Any CPU.Build.0 = Debug|Any CPU
		{E2B5A788-0013-4775-AC11-C65134A20901}.Debug|x64.ActiveCfg = Debug|x64
		{E2B5A788-0013-4775-AC11-C65134A20901}.Debug|x64.Build.0 = Debug|x64
		{E2B5A788-0013-4775-AC11-C65134A20901}.Release|Any CPU.ActiveCfg = Release|Any CPU
		{E2B5A788-0013-4775-AC11-C65134A20901}.Release|Any CPU.Build.0 = Release|Any CPU
		{E2B5A788-0013-4775-AC11-C65134A20901}.Release|x64.ActiveCfg = Release|x64
		{E2B5A788-0013-4775-AC11-C65134A20901}.Release|x64.Build.0 = Release|x64
		{A16E541B-8C75-4F5B-927C-B49D44D1E067}.Debug_Verbose|Any CPU.ActiveCfg = Debug|Any CPU
		{A16E541B-8C75-4F5B-927C-B49D44D1E067}.Debug_Verbose|Any CPU.Build.0 = Debug|Any CPU
		{A16E541B-8C75-4F5B-927C-B49D44D1E067}.Debug_Verbose|x64.ActiveCfg = Debug|x64
		{A16E541B-8C75-4F5B-927C-B49D44D1E067}.Debug_Verbose|x64.Build.0 = Debug|x64
		{A16E541B-8C75-4F5B-927C-B49D44D1E067}.Debug|Any CPU.ActiveCfg = Debug|Any CPU
		{A16E541B-8C75-4F5B-927C-B49D44D1E067}.Debug|Any CPU.Build.0 = Debug|Any CPU
		{A16E541B-8C75-4F5B-927C-B49D44D1E067}.Debug|x64.ActiveCfg = Debug|x64
		{A16E541B-8C75-4F5B-927C-B49D44D1E067}.Debug|x64.Build.0 = Debug|x64
		{A16E541B-8C75-4F5B-927C-B49D44D1E067}.Release|Any CPU.ActiveCfg = Release|Any CPU
		{A16E541B-8C75-4F5B-927C-B49D44D1E067}.Release|Any CPU.Build.0 = Release|Any CPU
		{A16E541B-8C75-4F5B-927C-B49D44D1E067}.Release|x64.ActiveCfg = Release|x64
		{A16E541B-8C75-4F5B-927C-B49D44D1E067}.Release|x64.Build.0 = Release|x64
		{E2D73265-0097-402D-A7D9-07971FD6FB52}.Debug_Verbose|Any CPU.ActiveCfg = Debug|Any CPU
		{E2D73265-0097-402D-A7D9-07971FD6FB52}.Debug_Verbose|Any CPU.Build.0 = Debug|Any CPU
		{E2D73265-0097-402D-A7D9-07971FD6FB52}.Debug_Verbose|x64.ActiveCfg = Debug|x64
		{E2D73265-0097-402D-A7D9-07971FD6FB52}.Debug_Verbose|x64.Build.0 = Debug|x64
		{E2D73265-0097-402D-A7D9-07971FD6FB52}.Debug|Any CPU.ActiveCfg = Debug|Any CPU
		{E2D73265-0097-402D-A7D9-07971FD6FB52}.Debug|Any CPU.Build.0 = Debug|Any CPU
		{E2D73265-0097-402D-A7D9-07971FD6FB52}.Debug|x64.ActiveCfg = Debug|x64
		{E2D73265-0097-402D-A7D9-07971FD6FB52}.Debug|x64.Build.0 = Debug|x64
		{E2D73265-0097-402D-A7D9-07971FD6FB52}.Release|Any CPU.ActiveCfg = Release|Any CPU
		{E2D73265-0097-402D-A7D9-07971FD6FB52}.Release|Any CPU.Build.0 = Release|Any CPU
		{E2D73265-0097-402D-A7D9-07971FD6FB52}.Release|x64.ActiveCfg = Release|x64
		{E2D73265-0097-402D-A7D9-07971FD6FB52}.Release|x64.Build.0 = Release|x64
		{4FBF8BCA-2002-4F0D-8F5E-35FAD074B1D5}.Debug_Verbose|Any CPU.ActiveCfg = Debug|Any CPU
		{4FBF8BCA-2002-4F0D-8F5E-35FAD074B1D5}.Debug_Verbose|Any CPU.Build.0 = Debug|Any CPU
		{4FBF8BCA-2002-4F0D-8F5E-35FAD074B1D5}.Debug_Verbose|x64.ActiveCfg = Debug|x64
		{4FBF8BCA-2002-4F0D-8F5E-35FAD074B1D5}.Debug_Verbose|x64.Build.0 = Debug|x64
		{4FBF8BCA-2002-4F0D-8F5E-35FAD074B1D5}.Debug|Any CPU.ActiveCfg = Debug|Any CPU
		{4FBF8BCA-2002-4F0D-8F5E-35FAD074B1D5}.Debug|Any CPU.Build.0 = Debug|Any CPU
		{4FBF8BCA-2002-4F0D-8F5E-35FAD074B1D5}.Debug|x64.ActiveCfg = Debug|x64
		{4FBF8BCA-2002-4F0D-8F5E-35FAD074B1D5}.Debug|x64.Build.0 = Debug|x64
		{4FBF8BCA-2002-4F0D-8F5E-35FAD074B1D5}.Release|Any CPU.ActiveCfg = Release|Any CPU
		{4FBF8BCA-2002-4F0D-8F5E-35FAD074B1D5}.Release|Any CPU.Build.0 = Release|Any CPU
		{4FBF8BCA-2002-4F0D-8F5E-35FAD074B1D5}.Release|x64.ActiveCfg = Release|x64
		{4FBF8BCA-2002-4F0D-8F5E-35FAD074B1D5}.Release|x64.Build.0 = Release|x64
		{75EBCE59-3D38-4684-94D6-DEB5CE1EE45E}.Debug_Verbose|Any CPU.ActiveCfg = Debug|Any CPU
		{75EBCE59-3D38-4684-94D6-DEB5CE1EE45E}.Debug_Verbose|Any CPU.Build.0 = Debug|Any CPU
		{75EBCE59-3D38-4684-94D6-DEB5CE1EE45E}.Debug_Verbose|x64.ActiveCfg = Debug|x64
		{75EBCE59-3D38-4684-94D6-DEB5CE1EE45E}.Debug_Verbose|x64.Build.0 = Debug|x64
		{75EBCE59-3D38-4684-94D6-DEB5CE1EE45E}.Debug|Any CPU.ActiveCfg = Debug|Any CPU
		{75EBCE59-3D38-4684-94D6-DEB5CE1EE45E}.Debug|Any CPU.Build.0 = Debug|Any CPU
		{75EBCE59-3D38-4684-94D6-DEB5CE1EE45E}.Debug|x64.ActiveCfg = Debug|x64
		{75EBCE59-3D38-4684-94D6-DEB5CE1EE45E}.Debug|x64.Build.0 = Debug|x64
		{75EBCE59-3D38-4684-94D6-DEB5CE1EE45E}.Release|Any CPU.ActiveCfg = Release|Any CPU
		{75EBCE59-3D38-4684-94D6-DEB5CE1EE45E}.Release|Any CPU.Build.0 = Release|Any CPU
		{75EBCE59-3D38-4684-94D6-DEB5CE1EE45E}.Release|x64.ActiveCfg = Release|x64
		{75EBCE59-3D38-4684-94D6-DEB5CE1EE45E}.Release|x64.Build.0 = Release|x64
		{EDA0ECC8-6589-4F47-980E-373F57BC4748}.Debug_Verbose|Any CPU.ActiveCfg = Debug|Any CPU
		{EDA0ECC8-6589-4F47-980E-373F57BC4748}.Debug_Verbose|Any CPU.Build.0 = Debug|Any CPU
		{EDA0ECC8-6589-4F47-980E-373F57BC4748}.Debug_Verbose|x64.ActiveCfg = Debug|x64
		{EDA0ECC8-6589-4F47-980E-373F57BC4748}.Debug_Verbose|x64.Build.0 = Debug|x64
		{EDA0ECC8-6589-4F47-980E-373F57BC4748}.Debug|Any CPU.ActiveCfg = Debug|Any CPU
		{EDA0ECC8-6589-4F47-980E-373F57BC4748}.Debug|Any CPU.Build.0 = Debug|Any CPU
		{EDA0ECC8-6589-4F47-980E-373F57BC4748}.Debug|x64.ActiveCfg = Debug|x64
		{EDA0ECC8-6589-4F47-980E-373F57BC4748}.Debug|x64.Build.0 = Debug|x64
		{EDA0ECC8-6589-4F47-980E-373F57BC4748}.Release|Any CPU.ActiveCfg = Release|Any CPU
		{EDA0ECC8-6589-4F47-980E-373F57BC4748}.Release|Any CPU.Build.0 = Release|Any CPU
		{EDA0ECC8-6589-4F47-980E-373F57BC4748}.Release|x64.ActiveCfg = Release|x64
		{EDA0ECC8-6589-4F47-980E-373F57BC4748}.Release|x64.Build.0 = Release|x64
		{D21281F6-DAC1-4B77-A799-89E383A96300}.Debug_Verbose|Any CPU.ActiveCfg = Debug|Any CPU
		{D21281F6-DAC1-4B77-A799-89E383A96300}.Debug_Verbose|Any CPU.Build.0 = Debug|Any CPU
		{D21281F6-DAC1-4B77-A799-89E383A96300}.Debug_Verbose|x64.ActiveCfg = Debug|x64
		{D21281F6-DAC1-4B77-A799-89E383A96300}.Debug_Verbose|x64.Build.0 = Debug|x64
		{D21281F6-DAC1-4B77-A799-89E383A96300}.Debug|Any CPU.ActiveCfg = Debug|Any CPU
		{D21281F6-DAC1-4B77-A799-89E383A96300}.Debug|Any CPU.Build.0 = Debug|Any CPU
		{D21281F6-DAC1-4B77-A799-89E383A96300}.Debug|x64.ActiveCfg = Debug|x64
		{D21281F6-DAC1-4B77-A799-89E383A96300}.Debug|x64.Build.0 = Debug|x64
		{D21281F6-DAC1-4B77-A799-89E383A96300}.Release|Any CPU.ActiveCfg = Release|Any CPU
		{D21281F6-DAC1-4B77-A799-89E383A96300}.Release|Any CPU.Build.0 = Release|Any CPU
		{D21281F6-DAC1-4B77-A799-89E383A96300}.Release|x64.ActiveCfg = Release|x64
		{D21281F6-DAC1-4B77-A799-89E383A96300}.Release|x64.Build.0 = Release|x64
		{7536CB63-087A-4893-9753-208D2290D9B8}.Debug_Verbose|Any CPU.ActiveCfg = Debug|Any CPU
		{7536CB63-087A-4893-9753-208D2290D9B8}.Debug_Verbose|Any CPU.Build.0 = Debug|Any CPU
		{7536CB63-087A-4893-9753-208D2290D9B8}.Debug_Verbose|x64.ActiveCfg = Debug|x64
		{7536CB63-087A-4893-9753-208D2290D9B8}.Debug_Verbose|x64.Build.0 = Debug|x64
		{7536CB63-087A-4893-9753-208D2290D9B8}.Debug|Any CPU.ActiveCfg = Debug|Any CPU
		{7536CB63-087A-4893-9753-208D2290D9B8}.Debug|Any CPU.Build.0 = Debug|Any CPU
		{7536CB63-087A-4893-9753-208D2290D9B8}.Debug|x64.ActiveCfg = Debug|x64
		{7536CB63-087A-4893-9753-208D2290D9B8}.Debug|x64.Build.0 = Debug|x64
		{7536CB63-087A-4893-9753-208D2290D9B8}.Release|Any CPU.ActiveCfg = Release|Any CPU
		{7536CB63-087A-4893-9753-208D2290D9B8}.Release|Any CPU.Build.0 = Release|Any CPU
		{7536CB63-087A-4893-9753-208D2290D9B8}.Release|x64.ActiveCfg = Release|x64
		{7536CB63-087A-4893-9753-208D2290D9B8}.Release|x64.Build.0 = Release|x64
		{EEF6CE2D-B457-4DDE-8A2A-7DD028E8BE4D}.Debug_Verbose|Any CPU.ActiveCfg = Debug|Any CPU
		{EEF6CE2D-B457-4DDE-8A2A-7DD028E8BE4D}.Debug_Verbose|Any CPU.Build.0 = Debug|Any CPU
		{EEF6CE2D-B457-4DDE-8A2A-7DD028E8BE4D}.Debug_Verbose|x64.ActiveCfg = Debug|x64
		{EEF6CE2D-B457-4DDE-8A2A-7DD028E8BE4D}.Debug_Verbose|x64.Build.0 = Debug|x64
		{EEF6CE2D-B457-4DDE-8A2A-7DD028E8BE4D}.Debug|Any CPU.ActiveCfg = Debug|Any CPU
		{EEF6CE2D-B457-4DDE-8A2A-7DD028E8BE4D}.Debug|Any CPU.Build.0 = Debug|Any CPU
		{EEF6CE2D-B457-4DDE-8A2A-7DD028E8BE4D}.Debug|x64.ActiveCfg = Debug|x64
		{EEF6CE2D-B457-4DDE-8A2A-7DD028E8BE4D}.Debug|x64.Build.0 = Debug|x64
		{EEF6CE2D-B457-4DDE-8A2A-7DD028E8BE4D}.Release|Any CPU.ActiveCfg = Release|Any CPU
		{EEF6CE2D-B457-4DDE-8A2A-7DD028E8BE4D}.Release|Any CPU.Build.0 = Release|Any CPU
		{EEF6CE2D-B457-4DDE-8A2A-7DD028E8BE4D}.Release|x64.ActiveCfg = Release|x64
		{EEF6CE2D-B457-4DDE-8A2A-7DD028E8BE4D}.Release|x64.Build.0 = Release|x64
		{EDDD3E1D-866F-4EB4-8BC7-49D61A16F680}.Debug_Verbose|Any CPU.ActiveCfg = Debug|Any CPU
		{EDDD3E1D-866F-4EB4-8BC7-49D61A16F680}.Debug_Verbose|Any CPU.Build.0 = Debug|Any CPU
		{EDDD3E1D-866F-4EB4-8BC7-49D61A16F680}.Debug_Verbose|x64.ActiveCfg = Debug|x64
		{EDDD3E1D-866F-4EB4-8BC7-49D61A16F680}.Debug_Verbose|x64.Build.0 = Debug|x64
		{EDDD3E1D-866F-4EB4-8BC7-49D61A16F680}.Debug|Any CPU.ActiveCfg = Debug|Any CPU
		{EDDD3E1D-866F-4EB4-8BC7-49D61A16F680}.Debug|Any CPU.Build.0 = Debug|Any CPU
		{EDDD3E1D-866F-4EB4-8BC7-49D61A16F680}.Debug|x64.ActiveCfg = Debug|x64
		{EDDD3E1D-866F-4EB4-8BC7-49D61A16F680}.Debug|x64.Build.0 = Debug|x64
		{EDDD3E1D-866F-4EB4-8BC7-49D61A16F680}.Release|Any CPU.ActiveCfg = Release|Any CPU
		{EDDD3E1D-866F-4EB4-8BC7-49D61A16F680}.Release|Any CPU.Build.0 = Release|Any CPU
		{EDDD3E1D-866F-4EB4-8BC7-49D61A16F680}.Release|x64.ActiveCfg = Release|x64
		{EDDD3E1D-866F-4EB4-8BC7-49D61A16F680}.Release|x64.Build.0 = Release|x64
		{7A02E849-B9A3-43A3-AAF7-A04326DAA34B}.Debug_Verbose|Any CPU.ActiveCfg = Debug|Any CPU
		{7A02E849-B9A3-43A3-AAF7-A04326DAA34B}.Debug_Verbose|Any CPU.Build.0 = Debug|Any CPU
		{7A02E849-B9A3-43A3-AAF7-A04326DAA34B}.Debug_Verbose|x64.ActiveCfg = Debug|x64
		{7A02E849-B9A3-43A3-AAF7-A04326DAA34B}.Debug_Verbose|x64.Build.0 = Debug|x64
		{7A02E849-B9A3-43A3-AAF7-A04326DAA34B}.Debug|Any CPU.ActiveCfg = Debug|Any CPU
		{7A02E849-B9A3-43A3-AAF7-A04326DAA34B}.Debug|Any CPU.Build.0 = Debug|Any CPU
		{7A02E849-B9A3-43A3-AAF7-A04326DAA34B}.Debug|x64.ActiveCfg = Debug|x64
		{7A02E849-B9A3-43A3-AAF7-A04326DAA34B}.Debug|x64.Build.0 = Debug|x64
		{7A02E849-B9A3-43A3-AAF7-A04326DAA34B}.Release|Any CPU.ActiveCfg = Release|Any CPU
		{7A02E849-B9A3-43A3-AAF7-A04326DAA34B}.Release|Any CPU.Build.0 = Release|Any CPU
		{7A02E849-B9A3-43A3-AAF7-A04326DAA34B}.Release|x64.ActiveCfg = Release|x64
		{7A02E849-B9A3-43A3-AAF7-A04326DAA34B}.Release|x64.Build.0 = Release|x64
		{37CBCA9B-7427-4AEF-9858-544EF63CA8F3}.Debug_Verbose|Any CPU.ActiveCfg = Debug|Any CPU
		{37CBCA9B-7427-4AEF-9858-544EF63CA8F3}.Debug_Verbose|Any CPU.Build.0 = Debug|Any CPU
		{37CBCA9B-7427-4AEF-9858-544EF63CA8F3}.Debug_Verbose|x64.ActiveCfg = Debug|x64
		{37CBCA9B-7427-4AEF-9858-544EF63CA8F3}.Debug_Verbose|x64.Build.0 = Debug|x64
		{37CBCA9B-7427-4AEF-9858-544EF63CA8F3}.Debug|Any CPU.ActiveCfg = Debug|Any CPU
		{37CBCA9B-7427-4AEF-9858-544EF63CA8F3}.Debug|Any CPU.Build.0 = Debug|Any CPU
		{37CBCA9B-7427-4AEF-9858-544EF63CA8F3}.Debug|x64.ActiveCfg = Debug|x64
		{37CBCA9B-7427-4AEF-9858-544EF63CA8F3}.Debug|x64.Build.0 = Debug|x64
		{37CBCA9B-7427-4AEF-9858-544EF63CA8F3}.Release|Any CPU.ActiveCfg = Release|Any CPU
		{37CBCA9B-7427-4AEF-9858-544EF63CA8F3}.Release|Any CPU.Build.0 = Release|Any CPU
		{37CBCA9B-7427-4AEF-9858-544EF63CA8F3}.Release|x64.ActiveCfg = Release|x64
		{37CBCA9B-7427-4AEF-9858-544EF63CA8F3}.Release|x64.Build.0 = Release|x64
		{443A3B61-B65C-4FA1-8BCC-99F02CE115C4}.Debug_Verbose|Any CPU.ActiveCfg = Debug|Any CPU
		{443A3B61-B65C-4FA1-8BCC-99F02CE115C4}.Debug_Verbose|Any CPU.Build.0 = Debug|Any CPU
		{443A3B61-B65C-4FA1-8BCC-99F02CE115C4}.Debug_Verbose|x64.ActiveCfg = Debug|Any CPU
		{443A3B61-B65C-4FA1-8BCC-99F02CE115C4}.Debug_Verbose|x64.Build.0 = Debug|Any CPU
		{443A3B61-B65C-4FA1-8BCC-99F02CE115C4}.Debug|Any CPU.ActiveCfg = Debug|Any CPU
		{443A3B61-B65C-4FA1-8BCC-99F02CE115C4}.Debug|Any CPU.Build.0 = Debug|Any CPU
		{443A3B61-B65C-4FA1-8BCC-99F02CE115C4}.Debug|x64.ActiveCfg = Debug|Any CPU
		{443A3B61-B65C-4FA1-8BCC-99F02CE115C4}.Debug|x64.Build.0 = Debug|Any CPU
		{443A3B61-B65C-4FA1-8BCC-99F02CE115C4}.Release|Any CPU.ActiveCfg = Release|Any CPU
		{443A3B61-B65C-4FA1-8BCC-99F02CE115C4}.Release|Any CPU.Build.0 = Release|Any CPU
		{443A3B61-B65C-4FA1-8BCC-99F02CE115C4}.Release|x64.ActiveCfg = Release|Any CPU
		{443A3B61-B65C-4FA1-8BCC-99F02CE115C4}.Release|x64.Build.0 = Release|Any CPU
	EndGlobalSection
	GlobalSection(SolutionProperties) = preSolution
		HideSolutionNode = FALSE
	EndGlobalSection
	GlobalSection(NestedProjects) = preSolution
		{E97C277B-D448-482E-A658-58674FE67BC6} = {61F9813E-5013-4F18-B71C-CC5CB79DF497}
		{99308755-52D9-4288-98C4-13878F0FEA94} = {E97C277B-D448-482E-A658-58674FE67BC6}
		{E2B5A788-0013-4775-AC11-C65134A20901} = {9D54D7A8-5CC6-4B7B-8305-191334648FD7}
		{A16E541B-8C75-4F5B-927C-B49D44D1E067} = {9D54D7A8-5CC6-4B7B-8305-191334648FD7}
		{E2D73265-0097-402D-A7D9-07971FD6FB52} = {9D54D7A8-5CC6-4B7B-8305-191334648FD7}
		{4FBF8BCA-2002-4F0D-8F5E-35FAD074B1D5} = {0F92B93E-89C2-42BE-87A8-27690B69E7A9}
		{75EBCE59-3D38-4684-94D6-DEB5CE1EE45E} = {0F92B93E-89C2-42BE-87A8-27690B69E7A9}
		{EDA0ECC8-6589-4F47-980E-373F57BC4748} = {0F92B93E-89C2-42BE-87A8-27690B69E7A9}
		{D21281F6-DAC1-4B77-A799-89E383A96300} = {0F92B93E-89C2-42BE-87A8-27690B69E7A9}
		{7536CB63-087A-4893-9753-208D2290D9B8} = {0F92B93E-89C2-42BE-87A8-27690B69E7A9}
		{EEF6CE2D-B457-4DDE-8A2A-7DD028E8BE4D} = {0F92B93E-89C2-42BE-87A8-27690B69E7A9}
		{EDDD3E1D-866F-4EB4-8BC7-49D61A16F680} = {0F92B93E-89C2-42BE-87A8-27690B69E7A9}
		{A5B46F90-972A-4AA0-BBF8-1EF86726D9FC} = {61F9813E-5013-4F18-B71C-CC5CB79DF497}
		{7A02E849-B9A3-43A3-AAF7-A04326DAA34B} = {A5B46F90-972A-4AA0-BBF8-1EF86726D9FC}
		{37CBCA9B-7427-4AEF-9858-544EF63CA8F3} = {A5B46F90-972A-4AA0-BBF8-1EF86726D9FC}
		{443A3B61-B65C-4FA1-8BCC-99F02CE115C4} = {0F92B93E-89C2-42BE-87A8-27690B69E7A9}
	EndGlobalSection
	GlobalSection(ExtensibilityGlobals) = postSolution
		SolutionGuid = {A30AE1FC-F9DE-4836-98BD-ADC9A1E5EE29}
	EndGlobalSection
EndGlobal
