
Microsoft Visual Studio Solution File, Format Version 12.00
# Visual Studio 15
VisualStudioVersion = 15.0.28307.168
MinimumVisualStudioVersion = 10.0.40219.1
Project("{9A19103F-16F7-4668-BE54-9A1E7A4F7556}") = "Guppy", "Guppy\Guppy.csproj", "{66076791-DECD-437A-BF1A-2474A3618DB1}"
EndProject
Project("{9A19103F-16F7-4668-BE54-9A1E7A4F7556}") = "Guppy.Network", "Guppy.Network\Guppy.Network.csproj", "{891B4868-1C71-461F-936E-BFFEB2C6FDC0}"
EndProject
Project("{2150E333-8FDC-42A3-9474-1A3956D46DE8}") = "Demo", "Demo", "{F63B1AAD-9ADF-4409-9EC4-6D835EC61D45}"
EndProject
Project("{9A19103F-16F7-4668-BE54-9A1E7A4F7556}") = "Pong.Library", "Pong.Library\Pong.Library.csproj", "{8A8ADED9-7CA4-4CC7-AFEB-9DF9DBE32DDB}"
EndProject
Project("{9A19103F-16F7-4668-BE54-9A1E7A4F7556}") = "Pong.Client", "Pong.Client\Pong.Client.csproj", "{7F3AEFA8-0F11-43F4-8939-5B4F2DF89654}"
EndProject
Project("{9A19103F-16F7-4668-BE54-9A1E7A4F7556}") = "Pong.Server", "Pong.Server\Pong.Server.csproj", "{8A94F021-21E5-4C06-854E-B63536BF1207}"
EndProject
Project("{9A19103F-16F7-4668-BE54-9A1E7A4F7556}") = "Guppy.UI", "Guppy.UI\Guppy.UI.csproj", "{ABFD8B18-46DF-4100-AF98-111E1AEBFD8C}"
EndProject
Global
	GlobalSection(SolutionConfigurationPlatforms) = preSolution
		Debug|Any CPU = Debug|Any CPU
		Release|Any CPU = Release|Any CPU
	EndGlobalSection
	GlobalSection(ProjectConfigurationPlatforms) = postSolution
		{66076791-DECD-437A-BF1A-2474A3618DB1}.Debug|Any CPU.ActiveCfg = Debug|Any CPU
		{66076791-DECD-437A-BF1A-2474A3618DB1}.Debug|Any CPU.Build.0 = Debug|Any CPU
		{66076791-DECD-437A-BF1A-2474A3618DB1}.Release|Any CPU.ActiveCfg = Release|Any CPU
		{66076791-DECD-437A-BF1A-2474A3618DB1}.Release|Any CPU.Build.0 = Release|Any CPU
		{891B4868-1C71-461F-936E-BFFEB2C6FDC0}.Debug|Any CPU.ActiveCfg = Debug|Any CPU
		{891B4868-1C71-461F-936E-BFFEB2C6FDC0}.Debug|Any CPU.Build.0 = Debug|Any CPU
		{891B4868-1C71-461F-936E-BFFEB2C6FDC0}.Release|Any CPU.ActiveCfg = Release|Any CPU
		{891B4868-1C71-461F-936E-BFFEB2C6FDC0}.Release|Any CPU.Build.0 = Release|Any CPU
		{8A8ADED9-7CA4-4CC7-AFEB-9DF9DBE32DDB}.Debug|Any CPU.ActiveCfg = Debug|Any CPU
		{8A8ADED9-7CA4-4CC7-AFEB-9DF9DBE32DDB}.Debug|Any CPU.Build.0 = Debug|Any CPU
		{8A8ADED9-7CA4-4CC7-AFEB-9DF9DBE32DDB}.Release|Any CPU.ActiveCfg = Release|Any CPU
		{8A8ADED9-7CA4-4CC7-AFEB-9DF9DBE32DDB}.Release|Any CPU.Build.0 = Release|Any CPU
		{7F3AEFA8-0F11-43F4-8939-5B4F2DF89654}.Debug|Any CPU.ActiveCfg = Debug|Any CPU
		{7F3AEFA8-0F11-43F4-8939-5B4F2DF89654}.Debug|Any CPU.Build.0 = Debug|Any CPU
		{7F3AEFA8-0F11-43F4-8939-5B4F2DF89654}.Release|Any CPU.ActiveCfg = Release|Any CPU
		{7F3AEFA8-0F11-43F4-8939-5B4F2DF89654}.Release|Any CPU.Build.0 = Release|Any CPU
		{8A94F021-21E5-4C06-854E-B63536BF1207}.Debug|Any CPU.ActiveCfg = Debug|Any CPU
		{8A94F021-21E5-4C06-854E-B63536BF1207}.Debug|Any CPU.Build.0 = Debug|Any CPU
		{8A94F021-21E5-4C06-854E-B63536BF1207}.Release|Any CPU.ActiveCfg = Release|Any CPU
		{8A94F021-21E5-4C06-854E-B63536BF1207}.Release|Any CPU.Build.0 = Release|Any CPU
		{ABFD8B18-46DF-4100-AF98-111E1AEBFD8C}.Debug|Any CPU.ActiveCfg = Debug|Any CPU
		{ABFD8B18-46DF-4100-AF98-111E1AEBFD8C}.Debug|Any CPU.Build.0 = Debug|Any CPU
		{ABFD8B18-46DF-4100-AF98-111E1AEBFD8C}.Release|Any CPU.ActiveCfg = Release|Any CPU
		{ABFD8B18-46DF-4100-AF98-111E1AEBFD8C}.Release|Any CPU.Build.0 = Release|Any CPU
	EndGlobalSection
	GlobalSection(SolutionProperties) = preSolution
		HideSolutionNode = FALSE
	EndGlobalSection
	GlobalSection(NestedProjects) = preSolution
		{8A8ADED9-7CA4-4CC7-AFEB-9DF9DBE32DDB} = {F63B1AAD-9ADF-4409-9EC4-6D835EC61D45}
		{7F3AEFA8-0F11-43F4-8939-5B4F2DF89654} = {F63B1AAD-9ADF-4409-9EC4-6D835EC61D45}
		{8A94F021-21E5-4C06-854E-B63536BF1207} = {F63B1AAD-9ADF-4409-9EC4-6D835EC61D45}
	EndGlobalSection
	GlobalSection(ExtensibilityGlobals) = postSolution
		SolutionGuid = {A30AE1FC-F9DE-4836-98BD-ADC9A1E5EE29}
	EndGlobalSection
EndGlobal
