
Microsoft Visual Studio Solution File, Format Version 12.00
# Visual Studio Version 16
VisualStudioVersion = 16.0.29306.81
MinimumVisualStudioVersion = 10.0.40219.1
Project("{2150E333-8FDC-42A3-9474-1A3956D46DE8}") = "src", "src", "{0F92B93E-89C2-42BE-87A8-27690B69E7A9}"
EndProject
Project("{9A19103F-16F7-4668-BE54-9A1E7A4F7556}") = "Guppy", "src\Guppy\Guppy.csproj", "{E8EA9184-376E-43FF-9AFE-B83FFB763273}"
EndProject
Project("{9A19103F-16F7-4668-BE54-9A1E7A4F7556}") = "Guppy.Network", "src\Guppy.Network\Guppy.Network.csproj", "{C7309346-3D19-4600-8470-5D04E29BDAB4}"
EndProject
Project("{9A19103F-16F7-4668-BE54-9A1E7A4F7556}") = "Guppy.UI", "src\Guppy.UI\Guppy.UI.csproj", "{66E01910-37F6-4D7E-9E6A-3748C14FD524}"
EndProject
Project("{9A19103F-16F7-4668-BE54-9A1E7A4F7556}") = "Guppy.IO", "src\Guppy.IO\Guppy.IO.csproj", "{F40294D5-B6EE-432A-9F1C-897BBA2BBCA3}"
EndProject
Project("{9A19103F-16F7-4668-BE54-9A1E7A4F7556}") = "Guppy.Core", "src\Guppy.Core\Guppy.Core.csproj", "{CD3EF7D2-26B9-4943-AEAE-8D0BF3E21A25}"
EndProject
Project("{2150E333-8FDC-42A3-9474-1A3956D46DE8}") = "libraries", "libraries", "{61F9813E-5013-4F18-B71C-CC5CB79DF497}"
EndProject
Project("{2150E333-8FDC-42A3-9474-1A3956D46DE8}") = "lidgren-network-gen3", "lidgren-network-gen3", "{0ECF03C4-8662-4777-9F33-D460903A6247}"
EndProject
Project("{9A19103F-16F7-4668-BE54-9A1E7A4F7556}") = "Lidgren.Network.MultiTarget", "libraries\lidgren-network-gen3\Lidgren.Network.MultiTarget\Lidgren.Network.MultiTarget.csproj", "{1DBDDD21-CFBC-4652-A768-395F7B1A912A}"
EndProject
Project("{9A19103F-16F7-4668-BE54-9A1E7A4F7556}") = "Guppy.Network.Core", "src\Guppy.Network.Core\Guppy.Network.Core.csproj", "{0B90785D-833D-417E-BA3D-9D6E9B5E6BE6}"
EndProject
Project("{2150E333-8FDC-42A3-9474-1A3956D46DE8}") = "examples", "examples", "{9D54D7A8-5CC6-4B7B-8305-191334648FD7}"
EndProject
Project("{9A19103F-16F7-4668-BE54-9A1E7A4F7556}") = "Guppy.Example.Server", "examples\Guppy.Example.Server\Guppy.Example.Server.csproj", "{5A96D3A0-8B51-4913-BC36-6F0F2F586B5B}"
EndProject
Project("{9A19103F-16F7-4668-BE54-9A1E7A4F7556}") = "Guppy.Examples.Client", "examples\Guppy.Examples.Client\Guppy.Examples.Client.csproj", "{03678D60-1B2B-4A63-B891-4C549A447B1B}"
EndProject
Project("{9A19103F-16F7-4668-BE54-9A1E7A4F7556}") = "Guppy.Example.Library", "examples\Guppy.Example.Library\Guppy.Example.Library.csproj", "{562EB3EA-DF3A-4205-912C-88B133B35852}"
EndProject
Project("{9A19103F-16F7-4668-BE54-9A1E7A4F7556}") = "Guppy.CommandLine", "src\Guppy.CommandLine\Guppy.CommandLine.csproj", "{B38E4A05-CC1F-4DDD-B21E-CF941AF037A8}"
EndProject
Global
	GlobalSection(SolutionConfigurationPlatforms) = preSolution
		Debug|Any CPU = Debug|Any CPU
		Release|Any CPU = Release|Any CPU
	EndGlobalSection
	GlobalSection(ProjectConfigurationPlatforms) = postSolution
		{E8EA9184-376E-43FF-9AFE-B83FFB763273}.Debug|Any CPU.ActiveCfg = Debug|Any CPU
		{E8EA9184-376E-43FF-9AFE-B83FFB763273}.Debug|Any CPU.Build.0 = Debug|Any CPU
		{E8EA9184-376E-43FF-9AFE-B83FFB763273}.Release|Any CPU.ActiveCfg = Release|Any CPU
		{E8EA9184-376E-43FF-9AFE-B83FFB763273}.Release|Any CPU.Build.0 = Release|Any CPU
		{C7309346-3D19-4600-8470-5D04E29BDAB4}.Debug|Any CPU.ActiveCfg = Debug|Any CPU
		{C7309346-3D19-4600-8470-5D04E29BDAB4}.Debug|Any CPU.Build.0 = Debug|Any CPU
		{C7309346-3D19-4600-8470-5D04E29BDAB4}.Release|Any CPU.ActiveCfg = Release|Any CPU
		{C7309346-3D19-4600-8470-5D04E29BDAB4}.Release|Any CPU.Build.0 = Release|Any CPU
		{66E01910-37F6-4D7E-9E6A-3748C14FD524}.Debug|Any CPU.ActiveCfg = Debug|Any CPU
		{66E01910-37F6-4D7E-9E6A-3748C14FD524}.Debug|Any CPU.Build.0 = Debug|Any CPU
		{66E01910-37F6-4D7E-9E6A-3748C14FD524}.Release|Any CPU.ActiveCfg = Release|Any CPU
		{66E01910-37F6-4D7E-9E6A-3748C14FD524}.Release|Any CPU.Build.0 = Release|Any CPU
		{F40294D5-B6EE-432A-9F1C-897BBA2BBCA3}.Debug|Any CPU.ActiveCfg = Debug|Any CPU
		{F40294D5-B6EE-432A-9F1C-897BBA2BBCA3}.Debug|Any CPU.Build.0 = Debug|Any CPU
		{F40294D5-B6EE-432A-9F1C-897BBA2BBCA3}.Release|Any CPU.ActiveCfg = Release|Any CPU
		{F40294D5-B6EE-432A-9F1C-897BBA2BBCA3}.Release|Any CPU.Build.0 = Release|Any CPU
		{CD3EF7D2-26B9-4943-AEAE-8D0BF3E21A25}.Debug|Any CPU.ActiveCfg = Debug|Any CPU
		{CD3EF7D2-26B9-4943-AEAE-8D0BF3E21A25}.Debug|Any CPU.Build.0 = Debug|Any CPU
		{CD3EF7D2-26B9-4943-AEAE-8D0BF3E21A25}.Release|Any CPU.ActiveCfg = Release|Any CPU
		{CD3EF7D2-26B9-4943-AEAE-8D0BF3E21A25}.Release|Any CPU.Build.0 = Release|Any CPU
		{1DBDDD21-CFBC-4652-A768-395F7B1A912A}.Debug|Any CPU.ActiveCfg = Debug|Any CPU
		{1DBDDD21-CFBC-4652-A768-395F7B1A912A}.Debug|Any CPU.Build.0 = Debug|Any CPU
		{1DBDDD21-CFBC-4652-A768-395F7B1A912A}.Release|Any CPU.ActiveCfg = Release|Any CPU
		{1DBDDD21-CFBC-4652-A768-395F7B1A912A}.Release|Any CPU.Build.0 = Release|Any CPU
		{0B90785D-833D-417E-BA3D-9D6E9B5E6BE6}.Debug|Any CPU.ActiveCfg = Debug|Any CPU
		{0B90785D-833D-417E-BA3D-9D6E9B5E6BE6}.Debug|Any CPU.Build.0 = Debug|Any CPU
		{0B90785D-833D-417E-BA3D-9D6E9B5E6BE6}.Release|Any CPU.ActiveCfg = Release|Any CPU
		{0B90785D-833D-417E-BA3D-9D6E9B5E6BE6}.Release|Any CPU.Build.0 = Release|Any CPU
		{5A96D3A0-8B51-4913-BC36-6F0F2F586B5B}.Debug|Any CPU.ActiveCfg = Debug|Any CPU
		{5A96D3A0-8B51-4913-BC36-6F0F2F586B5B}.Debug|Any CPU.Build.0 = Debug|Any CPU
		{5A96D3A0-8B51-4913-BC36-6F0F2F586B5B}.Release|Any CPU.ActiveCfg = Release|Any CPU
		{5A96D3A0-8B51-4913-BC36-6F0F2F586B5B}.Release|Any CPU.Build.0 = Release|Any CPU
		{03678D60-1B2B-4A63-B891-4C549A447B1B}.Debug|Any CPU.ActiveCfg = Debug|Any CPU
		{03678D60-1B2B-4A63-B891-4C549A447B1B}.Debug|Any CPU.Build.0 = Debug|Any CPU
		{03678D60-1B2B-4A63-B891-4C549A447B1B}.Release|Any CPU.ActiveCfg = Release|Any CPU
		{03678D60-1B2B-4A63-B891-4C549A447B1B}.Release|Any CPU.Build.0 = Release|Any CPU
		{562EB3EA-DF3A-4205-912C-88B133B35852}.Debug|Any CPU.ActiveCfg = Debug|Any CPU
		{562EB3EA-DF3A-4205-912C-88B133B35852}.Debug|Any CPU.Build.0 = Debug|Any CPU
		{562EB3EA-DF3A-4205-912C-88B133B35852}.Release|Any CPU.ActiveCfg = Release|Any CPU
		{562EB3EA-DF3A-4205-912C-88B133B35852}.Release|Any CPU.Build.0 = Release|Any CPU
		{B38E4A05-CC1F-4DDD-B21E-CF941AF037A8}.Debug|Any CPU.ActiveCfg = Debug|Any CPU
		{B38E4A05-CC1F-4DDD-B21E-CF941AF037A8}.Debug|Any CPU.Build.0 = Debug|Any CPU
		{B38E4A05-CC1F-4DDD-B21E-CF941AF037A8}.Release|Any CPU.ActiveCfg = Release|Any CPU
		{B38E4A05-CC1F-4DDD-B21E-CF941AF037A8}.Release|Any CPU.Build.0 = Release|Any CPU
	EndGlobalSection
	GlobalSection(SolutionProperties) = preSolution
		HideSolutionNode = FALSE
	EndGlobalSection
	GlobalSection(NestedProjects) = preSolution
		{E8EA9184-376E-43FF-9AFE-B83FFB763273} = {0F92B93E-89C2-42BE-87A8-27690B69E7A9}
		{C7309346-3D19-4600-8470-5D04E29BDAB4} = {0F92B93E-89C2-42BE-87A8-27690B69E7A9}
		{66E01910-37F6-4D7E-9E6A-3748C14FD524} = {0F92B93E-89C2-42BE-87A8-27690B69E7A9}
		{F40294D5-B6EE-432A-9F1C-897BBA2BBCA3} = {0F92B93E-89C2-42BE-87A8-27690B69E7A9}
		{CD3EF7D2-26B9-4943-AEAE-8D0BF3E21A25} = {0F92B93E-89C2-42BE-87A8-27690B69E7A9}
		{0ECF03C4-8662-4777-9F33-D460903A6247} = {61F9813E-5013-4F18-B71C-CC5CB79DF497}
		{1DBDDD21-CFBC-4652-A768-395F7B1A912A} = {0ECF03C4-8662-4777-9F33-D460903A6247}
		{0B90785D-833D-417E-BA3D-9D6E9B5E6BE6} = {0F92B93E-89C2-42BE-87A8-27690B69E7A9}
		{5A96D3A0-8B51-4913-BC36-6F0F2F586B5B} = {9D54D7A8-5CC6-4B7B-8305-191334648FD7}
		{03678D60-1B2B-4A63-B891-4C549A447B1B} = {9D54D7A8-5CC6-4B7B-8305-191334648FD7}
		{562EB3EA-DF3A-4205-912C-88B133B35852} = {9D54D7A8-5CC6-4B7B-8305-191334648FD7}
		{B38E4A05-CC1F-4DDD-B21E-CF941AF037A8} = {0F92B93E-89C2-42BE-87A8-27690B69E7A9}
	EndGlobalSection
	GlobalSection(ExtensibilityGlobals) = postSolution
		SolutionGuid = {A30AE1FC-F9DE-4836-98BD-ADC9A1E5EE29}
	EndGlobalSection
EndGlobal
